
Microsoft Visual Studio Solution File, Format Version 12.00
# Visual Studio Version 16
VisualStudioVersion = 16.0.30711.63
MinimumVisualStudioVersion = 10.0.40219.1
Project("{FAE04EC0-301F-11D3-BF4B-00C04F79EFBC}") = "Consola", "Consola\Consola.csproj", "{B4A0E61B-92E7-43C0-AA76-1779798ED00E}"
EndProject
Project("{FAE04EC0-301F-11D3-BF4B-00C04F79EFBC}") = "Bussines", "Bussines\Bussines.csproj", "{9A599E0B-20E1-47CA-9FF8-EA83B4678F18}"
EndProject
Global
	GlobalSection(SolutionConfigurationPlatforms) = preSolution
		Debug|Any CPU = Debug|Any CPU
		Release|Any CPU = Release|Any CPU
	EndGlobalSection
	GlobalSection(ProjectConfigurationPlatforms) = postSolution
		{B4A0E61B-92E7-43C0-AA76-1779798ED00E}.Debug|Any CPU.ActiveCfg = Debug|Any CPU
		{B4A0E61B-92E7-43C0-AA76-1779798ED00E}.Debug|Any CPU.Build.0 = Debug|Any CPU
		{B4A0E61B-92E7-43C0-AA76-1779798ED00E}.Release|Any CPU.ActiveCfg = Release|Any CPU
		{B4A0E61B-92E7-43C0-AA76-1779798ED00E}.Release|Any CPU.Build.0 = Release|Any CPU
		{9A599E0B-20E1-47CA-9FF8-EA83B4678F18}.Debug|Any CPU.ActiveCfg = Debug|Any CPU
		{9A599E0B-20E1-47CA-9FF8-EA83B4678F18}.Debug|Any CPU.Build.0 = Debug|Any CPU
		{9A599E0B-20E1-47CA-9FF8-EA83B4678F18}.Release|Any CPU.ActiveCfg = Release|Any CPU
		{9A599E0B-20E1-47CA-9FF8-EA83B4678F18}.Release|Any CPU.Build.0 = Release|Any CPU
	EndGlobalSection
	GlobalSection(SolutionProperties) = preSolution
		HideSolutionNode = FALSE
	EndGlobalSection
	GlobalSection(ExtensibilityGlobals) = postSolution
		SolutionGuid = {46FEBE65-DF42-4063-9DAE-D4372FDE0EDC}
	EndGlobalSection
EndGlobal
